// !$*UTF8*$!
{
	archiveVersion = 1;
	classes = {
	};
	objectVersion = 48;
	objects = {

/* Begin PBXBuildFile section */
		E7771BB11FB4354000ACA381 /* AppDelegate.swift in Sources */ = {isa = PBXBuildFile; fileRef = E7771BB01FB4354000ACA381 /* AppDelegate.swift */; };
		E7771BB61FB4354000ACA381 /* Main.storyboard in Resources */ = {isa = PBXBuildFile; fileRef = E7771BB41FB4354000ACA381 /* Main.storyboard */; };
		E7771BB81FB4354000ACA381 /* Assets.xcassets in Resources */ = {isa = PBXBuildFile; fileRef = E7771BB71FB4354000ACA381 /* Assets.xcassets */; };
		E7771BBB1FB4354000ACA381 /* LaunchScreen.storyboard in Resources */ = {isa = PBXBuildFile; fileRef = E7771BB91FB4354000ACA381 /* LaunchScreen.storyboard */; };
		E7771BC31FB436FF00ACA381 /* ARViewController.swift in Sources */ = {isa = PBXBuildFile; fileRef = E7771BC21FB436FF00ACA381 /* ARViewController.swift */; };
		E7771BC51FB43A8800ACA381 /* SCNVector3+Extension.swift in Sources */ = {isa = PBXBuildFile; fileRef = E7771BC41FB43A8800ACA381 /* SCNVector3+Extension.swift */; };
/* End PBXBuildFile section */

/* Begin PBXFileReference section */
		E7771BAD1FB4354000ACA381 /* ARDoor.app */ = {isa = PBXFileReference; explicitFileType = wrapper.application; includeInIndex = 0; path = ARDoor.app; sourceTree = BUILT_PRODUCTS_DIR; };
		E7771BB01FB4354000ACA381 /* AppDelegate.swift */ = {isa = PBXFileReference; lastKnownFileType = sourcecode.swift; path = AppDelegate.swift; sourceTree = "<group>"; };
		E7771BB51FB4354000ACA381 /* Base */ = {isa = PBXFileReference; lastKnownFileType = file.storyboard; name = Base; path = Base.lproj/Main.storyboard; sourceTree = "<group>"; };
		E7771BB71FB4354000ACA381 /* Assets.xcassets */ = {isa = PBXFileReference; lastKnownFileType = folder.assetcatalog; path = Assets.xcassets; sourceTree = "<group>"; };
		E7771BBA1FB4354000ACA381 /* Base */ = {isa = PBXFileReference; lastKnownFileType = file.storyboard; name = Base; path = Base.lproj/LaunchScreen.storyboard; sourceTree = "<group>"; };
		E7771BBC1FB4354000ACA381 /* Info.plist */ = {isa = PBXFileReference; lastKnownFileType = text.plist.xml; path = Info.plist; sourceTree = "<group>"; };
		E7771BC21FB436FF00ACA381 /* ARViewController.swift */ = {isa = PBXFileReference; lastKnownFileType = sourcecode.swift; path = ARViewController.swift; sourceTree = "<group>"; };
		E7771BC41FB43A8800ACA381 /* SCNVector3+Extension.swift */ = {isa = PBXFileReference; lastKnownFileType = sourcecode.swift; path = "SCNVector3+Extension.swift"; sourceTree = "<group>"; };
/* End PBXFileReference section */

/* Begin PBXFrameworksBuildPhase section */
		E7771BAA1FB4354000ACA381 /* Frameworks */ = {
			isa = PBXFrameworksBuildPhase;
			buildActionMask = 2147483647;
			files = (
			);
			runOnlyForDeploymentPostprocessing = 0;
		};
/* End PBXFrameworksBuildPhase section */

/* Begin PBXGroup section */
		E7771BA41FB4354000ACA381 = {
			isa = PBXGroup;
			children = (
				E7771BAF1FB4354000ACA381 /* ARDoor */,
				E7771BAE1FB4354000ACA381 /* Products */,
			);
			sourceTree = "<group>";
		};
		E7771BAE1FB4354000ACA381 /* Products */ = {
			isa = PBXGroup;
			children = (
				E7771BAD1FB4354000ACA381 /* ARDoor.app */,
			);
			name = Products;
			sourceTree = "<group>";
		};
		E7771BAF1FB4354000ACA381 /* ARDoor */ = {
			isa = PBXGroup;
			children = (
				E7771BB01FB4354000ACA381 /* AppDelegate.swift */,
				E7771BC21FB436FF00ACA381 /* ARViewController.swift */,
				E7771BC41FB43A8800ACA381 /* SCNVector3+Extension.swift */,
				E7771BB41FB4354000ACA381 /* Main.storyboard */,
				E7771BB71FB4354000ACA381 /* Assets.xcassets */,
				E7771BB91FB4354000ACA381 /* LaunchScreen.storyboard */,
				E7771BBC1FB4354000ACA381 /* Info.plist */,
			);
			path = ARDoor;
			sourceTree = "<group>";
		};
/* End PBXGroup section */

/* Begin PBXNativeTarget section */
		E7771BAC1FB4354000ACA381 /* ARDoor */ = {
			isa = PBXNativeTarget;
			buildConfigurationList = E7771BBF1FB4354000ACA381 /* Build configuration list for PBXNativeTarget "ARDoor" */;
			buildPhases = (
				E7771BA91FB4354000ACA381 /* Sources */,
				E7771BAA1FB4354000ACA381 /* Frameworks */,
				E7771BAB1FB4354000ACA381 /* Resources */,
			);
			buildRules = (
			);
			dependencies = (
			);
			name = ARDoor;
			productName = ARDoor;
			productReference = E7771BAD1FB4354000ACA381 /* ARDoor.app */;
			productType = "com.apple.product-type.application";
		};
/* End PBXNativeTarget section */

/* Begin PBXProject section */
		E7771BA51FB4354000ACA381 /* Project object */ = {
			isa = PBXProject;
			attributes = {
				LastSwiftUpdateCheck = 0900;
				LastUpgradeCheck = 0900;
				ORGANIZATIONNAME = Minecode;
				TargetAttributes = {
					E7771BAC1FB4354000ACA381 = {
						CreatedOnToolsVersion = 9.0;
						ProvisioningStyle = Automatic;
					};
				};
			};
			buildConfigurationList = E7771BA81FB4354000ACA381 /* Build configuration list for PBXProject "ARDoor" */;
			compatibilityVersion = "Xcode 8.0";
			developmentRegion = en;
			hasScannedForEncodings = 0;
			knownRegions = (
				en,
				Base,
			);
			mainGroup = E7771BA41FB4354000ACA381;
			productRefGroup = E7771BAE1FB4354000ACA381 /* Products */;
			projectDirPath = "";
			projectRoot = "";
			targets = (
				E7771BAC1FB4354000ACA381 /* ARDoor */,
			);
		};
/* End PBXProject section */

/* Begin PBXResourcesBuildPhase section */
		E7771BAB1FB4354000ACA381 /* Resources */ = {
			isa = PBXResourcesBuildPhase;
			buildActionMask = 2147483647;
			files = (
				E7771BBB1FB4354000ACA381 /* LaunchScreen.storyboard in Resources */,
				E7771BB81FB4354000ACA381 /* Assets.xcassets in Resources */,
				E7771BB61FB4354000ACA381 /* Main.storyboard in Resources */,
			);
			runOnlyForDeploymentPostprocessing = 0;
		};
/* End PBXResourcesBuildPhase section */

/* Begin PBXSourcesBuildPhase section */
		E7771BA91FB4354000ACA381 /* Sources */ = {
			isa = PBXSourcesBuildPhase;
			buildActionMask = 2147483647;
			files = (
				E7771BC51FB43A8800ACA381 /* SCNVector3+Extension.swift in Sources */,
				E7771BB11FB4354000ACA381 /* AppDelegate.swift in Sources */,
				E7771BC31FB436FF00ACA381 /* ARViewController.swift in Sources */,
			);
			runOnlyForDeploymentPostprocessing = 0;
		};
/* End PBXSourcesBuildPhase section */

/* Begin PBXVariantGroup section */
		E7771BB41FB4354000ACA381 /* Main.storyboard */ = {
			isa = PBXVariantGroup;
			children = (
				E7771BB51FB4354000ACA381 /* Base */,
			);
			name = Main.storyboard;
			sourceTree = "<group>";
		};
		E7771BB91FB4354000ACA381 /* LaunchScreen.storyboard */ = {
			isa = PBXVariantGroup;
			children = (
				E7771BBA1FB4354000ACA381 /* Base */,
			);
			name = LaunchScreen.storyboard;
			sourceTree = "<group>";
		};
/* End PBXVariantGroup section */

/* Begin XCBuildConfiguration section */
		E7771BBD1FB4354000ACA381 /* Debug */ = {
			isa = XCBuildConfiguration;
			buildSettings = {
				ALWAYS_SEARCH_USER_PATHS = NO;
				CLANG_ANALYZER_NONNULL = YES;
				CLANG_ANALYZER_NUMBER_OBJECT_CONVERSION = YES_AGGRESSIVE;
				CLANG_CXX_LANGUAGE_STANDARD = "gnu++14";
				CLANG_CXX_LIBRARY = "libc++";
				CLANG_ENABLE_MODULES = YES;
				CLANG_ENABLE_OBJC_ARC = YES;
				CLANG_WARN_BLOCK_CAPTURE_AUTORELEASING = YES;
				CLANG_WARN_BOOL_CONVERSION = YES;
				CLANG_WARN_COMMA = YES;
				CLANG_WARN_CONSTANT_CONVERSION = YES;
				CLANG_WARN_DIRECT_OBJC_ISA_USAGE = YES_ERROR;
				CLANG_WARN_DOCUMENTATION_COMMENTS = YES;
				CLANG_WARN_EMPTY_BODY = YES;
				CLANG_WARN_ENUM_CONVERSION = YES;
				CLANG_WARN_INFINITE_RECURSION = YES;
				CLANG_WARN_INT_CONVERSION = YES;
				CLANG_WARN_NON_LITERAL_NULL_CONVERSION = YES;
				CLANG_WARN_OBJC_LITERAL_CONVERSION = YES;
				CLANG_WARN_OBJC_ROOT_CLASS = YES_ERROR;
				CLANG_WARN_RANGE_LOOP_ANALYSIS = YES;
				CLANG_WARN_STRICT_PROTOTYPES = YES;
				CLANG_WARN_SUSPICIOUS_MOVE = YES;
				CLANG_WARN_UNGUARDED_AVAILABILITY = YES_AGGRESSIVE;
				CLANG_WARN_UNREACHABLE_CODE = YES;
				CLANG_WARN__DUPLICATE_METHOD_MATCH = YES;
				CODE_SIGN_IDENTITY = "iPhone Developer";
				COPY_PHASE_STRIP = NO;
				DEBUG_INFORMATION_FORMAT = dwarf;
				ENABLE_STRICT_OBJC_MSGSEND = YES;
				ENABLE_TESTABILITY = YES;
				GCC_C_LANGUAGE_STANDARD = gnu11;
				GCC_DYNAMIC_NO_PIC = NO;
				GCC_NO_COMMON_BLOCKS = YES;
				GCC_OPTIMIZATION_LEVEL = 0;
				GCC_PREPROCESSOR_DEFINITIONS = (
					"DEBUG=1",
					"$(inherited)",
				);
				GCC_WARN_64_TO_32_BIT_CONVERSION = YES;
				GCC_WARN_ABOUT_RETURN_TYPE = YES_ERROR;
				GCC_WARN_UNDECLARED_SELECTOR = YES;
				GCC_WARN_UNINITIALIZED_AUTOS = YES_AGGRESSIVE;
				GCC_WARN_UNUSED_FUNCTION = YES;
				GCC_WARN_UNUSED_VARIABLE = YES;
				IPHONEOS_DEPLOYMENT_TARGET = 11.0;
				MTL_ENABLE_DEBUG_INFO = YES;
				ONLY_ACTIVE_ARCH = YES;
				SDKROOT = iphoneos;
				SWIFT_ACTIVE_COMPILATION_CONDITIONS = DEBUG;
				SWIFT_OPTIMIZATION_LEVEL = "-Onone";
			};
			name = Debug;
		};
		E7771BBE1FB4354000ACA381 /* Release */ = {
			isa = XCBuildConfiguration;
			buildSettings = {
				ALWAYS_SEARCH_USER_PATHS = NO;
				CLANG_ANALYZER_NONNULL = YES;
				CLANG_ANALYZER_NUMBER_OBJECT_CONVERSION = YES_AGGRESSIVE;
				CLANG_CXX_LANGUAGE_STANDARD = "gnu++14";
				CLANG_CXX_LIBRARY = "libc++";
				CLANG_ENABLE_MODULES = YES;
				CLANG_ENABLE_OBJC_ARC = YES;
				CLANG_WARN_BLOCK_CAPTURE_AUTORELEASING = YES;
				CLANG_WARN_BOOL_CONVERSION = YES;
				CLANG_WARN_COMMA = YES;
				CLANG_WARN_CONSTANT_CONVERSION = YES;
				CLANG_WARN_DIRECT_OBJC_ISA_USAGE = YES_ERROR;
				CLANG_WARN_DOCUMENTATION_COMMENTS = YES;
				CLANG_WARN_EMPTY_BODY = YES;
				CLANG_WARN_ENUM_CONVERSION = YES;
				CLANG_WARN_INFINITE_RECURSION = YES;
				CLANG_WARN_INT_CONVERSION = YES;
				CLANG_WARN_NON_LITERAL_NULL_CONVERSION = YES;
				CLANG_WARN_OBJC_LITERAL_CONVERSION = YES;
				CLANG_WARN_OBJC_ROOT_CLASS = YES_ERROR;
				CLANG_WARN_RANGE_LOOP_ANALYSIS = YES;
				CLANG_WARN_STRICT_PROTOTYPES = YES;
				CLANG_WARN_SUSPICIOUS_MOVE = YES;
				CLANG_WARN_UNGUARDED_AVAILABILITY = YES_AGGRESSIVE;
				CLANG_WARN_UNREACHABLE_CODE = YES;
				CLANG_WARN__DUPLICATE_METHOD_MATCH = YES;
				CODE_SIGN_IDENTITY = "iPhone Developer";
				COPY_PHASE_STRIP = NO;
				DEBUG_INFORMATION_FORMAT = "dwarf-with-dsym";
				ENABLE_NS_ASSERTIONS = NO;
				ENABLE_STRICT_OBJC_MSGSEND = YES;
				GCC_C_LANGUAGE_STANDARD = gnu11;
				GCC_NO_COMMON_BLOCKS = YES;
				GCC_WARN_64_TO_32_BIT_CONVERSION = YES;
				GCC_WARN_ABOUT_RETURN_TYPE = YES_ERROR;
				GCC_WARN_UNDECLARED_SELECTOR = YES;
				GCC_WARN_UNINITIALIZED_AUTOS = YES_AGGRESSIVE;
				GCC_WARN_UNUSED_FUNCTION = YES;
				GCC_WARN_UNUSED_VARIABLE = YES;
				IPHONEOS_DEPLOYMENT_TARGET = 11.0;
				MTL_ENABLE_DEBUG_INFO = NO;
				SDKROOT = iphoneos;
				SWIFT_OPTIMIZATION_LEVEL = "-Owholemodule";
				VALIDATE_PRODUCT = YES;
			};
			name = Release;
		};
		E7771BC01FB4354000ACA381 /* Debug */ = {
			isa = XCBuildConfiguration;
			buildSettings = {
				ASSETCATALOG_COMPILER_APPICON_NAME = AppIcon;
				CODE_SIGN_STYLE = Automatic;
				DEVELOPMENT_TEAM = XQ4VPYFFH5;
				INFOPLIST_FILE = ARDoor/Info.plist;
				LD_RUNPATH_SEARCH_PATHS = "$(inherited) @executable_path/Frameworks";
				PRODUCT_BUNDLE_IDENTIFIER = blog.minecode.ARDoor;
				PRODUCT_NAME = "$(TARGET_NAME)";
				SWIFT_VERSION = 4.0;
				TARGETED_DEVICE_FAMILY = "1,2";
			};
			name = Debug;
		};
		E7771BC11FB4354000ACA381 /* Release */ = {
			isa = XCBuildConfiguration;
			buildSettings = {
				ASSETCATALOG_COMPILER_APPICON_NAME = AppIcon;
				CODE_SIGN_STYLE = Automatic;
				DEVELOPMENT_TEAM = XQ4VPYFFH5;
				INFOPLIST_FILE = ARDoor/Info.plist;
				LD_RUNPATH_SEARCH_PATHS = "$(inherited) @executable_path/Frameworks";
				PRODUCT_BUNDLE_IDENTIFIER = blog.minecode.ARDoor;
				PRODUCT_NAME = "$(TARGET_NAME)";
				SWIFT_VERSION = 4.0;
				TARGETED_DEVICE_FAMILY = "1,2";
			};
			name = Release;
		};
/* End XCBuildConfiguration section */

/* Begin XCConfigurationList section */
		E7771BA81FB4354000ACA381 /* Build configuration list for PBXProject "ARDoor" */ = {
			isa = XCConfigurationList;
			buildConfigurations = (
				E7771BBD1FB4354000ACA381 /* Debug */,
				E7771BBE1FB4354000ACA381 /* Release */,
			);
			defaultConfigurationIsVisible = 0;
			defaultConfigurationName = Release;
		};
		E7771BBF1FB4354000ACA381 /* Build configuration list for PBXNativeTarget "ARDoor" */ = {
			isa = XCConfigurationList;
			buildConfigurations = (
				E7771BC01FB4354000ACA381 /* Debug */,
				E7771BC11FB4354000ACA381 /* Release */,
			);
			defaultConfigurationIsVisible = 0;
			defaultConfigurationName = Release;
		};
/* End XCConfigurationList section */
	};
	rootObject = E7771BA51FB4354000ACA381 /* Project object */;
}
